
Microsoft Visual Studio Solution File, Format Version 12.00
# Visual Studio Version 17
VisualStudioVersion = 17.3.32811.315
MinimumVisualStudioVersion = 10.0.40219.1
Project("{2150E333-8FDC-42A3-9474-1A3956D46DE8}") = "00 - Application", "00 - Application", "{4005534F-858C-4037-88F7-F516C1C2AA70}"
EndProject
Project("{2150E333-8FDC-42A3-9474-1A3956D46DE8}") = "01 - Domain", "01 - Domain", "{EF3F5F90-9A88-4B00-A62C-3137E57D2DA8}"
EndProject
Project("{2150E333-8FDC-42A3-9474-1A3956D46DE8}") = "02 - Infra", "02 - Infra", "{EC46C7F5-6D95-40E3-88CE-BC2E143CDC72}"
EndProject
Project("{9A19103F-16F7-4668-BE54-9A1E7A4F7556}") = "Servico", "Servico\Servico.csproj", "{A69298AE-CE6A-47F0-91E3-2465069BBCF0}"
EndProject
Project("{9A19103F-16F7-4668-BE54-9A1E7A4F7556}") = "Repositorio", "Repositorio\Repositorio.csproj", "{4DE6BC82-E93B-43C5-AD89-5138D408C372}"
EndProject
Project("{9A19103F-16F7-4668-BE54-9A1E7A4F7556}") = "Aplicacao", "Aplicacao\Aplicacao.csproj", "{73E59E65-68BF-48CA-8004-0A6A21790DC2}"
EndProject
Global
	GlobalSection(SolutionConfigurationPlatforms) = preSolution
		Debug|Any CPU = Debug|Any CPU
		Release|Any CPU = Release|Any CPU
	EndGlobalSection
	GlobalSection(ProjectConfigurationPlatforms) = postSolution
		{A69298AE-CE6A-47F0-91E3-2465069BBCF0}.Debug|Any CPU.ActiveCfg = Debug|Any CPU
		{A69298AE-CE6A-47F0-91E3-2465069BBCF0}.Debug|Any CPU.Build.0 = Debug|Any CPU
		{A69298AE-CE6A-47F0-91E3-2465069BBCF0}.Release|Any CPU.ActiveCfg = Release|Any CPU
		{A69298AE-CE6A-47F0-91E3-2465069BBCF0}.Release|Any CPU.Build.0 = Release|Any CPU
		{4DE6BC82-E93B-43C5-AD89-5138D408C372}.Debug|Any CPU.ActiveCfg = Debug|Any CPU
		{4DE6BC82-E93B-43C5-AD89-5138D408C372}.Debug|Any CPU.Build.0 = Debug|Any CPU
		{4DE6BC82-E93B-43C5-AD89-5138D408C372}.Release|Any CPU.ActiveCfg = Release|Any CPU
		{4DE6BC82-E93B-43C5-AD89-5138D408C372}.Release|Any CPU.Build.0 = Release|Any CPU
		{73E59E65-68BF-48CA-8004-0A6A21790DC2}.Debug|Any CPU.ActiveCfg = Debug|Any CPU
		{73E59E65-68BF-48CA-8004-0A6A21790DC2}.Debug|Any CPU.Build.0 = Debug|Any CPU
		{73E59E65-68BF-48CA-8004-0A6A21790DC2}.Release|Any CPU.ActiveCfg = Release|Any CPU
		{73E59E65-68BF-48CA-8004-0A6A21790DC2}.Release|Any CPU.Build.0 = Release|Any CPU
	EndGlobalSection
	GlobalSection(SolutionProperties) = preSolution
		HideSolutionNode = FALSE
	EndGlobalSection
	GlobalSection(NestedProjects) = preSolution
		{A69298AE-CE6A-47F0-91E3-2465069BBCF0} = {EF3F5F90-9A88-4B00-A62C-3137E57D2DA8}
		{4DE6BC82-E93B-43C5-AD89-5138D408C372} = {EC46C7F5-6D95-40E3-88CE-BC2E143CDC72}
		{73E59E65-68BF-48CA-8004-0A6A21790DC2} = {4005534F-858C-4037-88F7-F516C1C2AA70}
	EndGlobalSection
	GlobalSection(ExtensibilityGlobals) = postSolution
		SolutionGuid = {86E7024F-A502-4E87-B8DC-736A4C33B30A}
	EndGlobalSection
EndGlobal
